// !$*UTF8*$!
{
	archiveVersion = 1;
	classes = {
	};
	objectVersion = 50;
	objects = {

/* Begin PBXBuildFile section */
		4941D6B720AFFB9B00E7D59D /* AppDelegate.swift in Sources */ = {isa = PBXBuildFile; fileRef = 4941D6B620AFFB9B00E7D59D /* AppDelegate.swift */; };
		4941D6B920AFFB9B00E7D59D /* CategoriesVC.swift in Sources */ = {isa = PBXBuildFile; fileRef = 4941D6B820AFFB9B00E7D59D /* CategoriesVC.swift */; };
		4941D6BC20AFFB9B00E7D59D /* Main.storyboard in Resources */ = {isa = PBXBuildFile; fileRef = 4941D6BA20AFFB9B00E7D59D /* Main.storyboard */; };
		4941D6BE20AFFB9C00E7D59D /* Assets.xcassets in Resources */ = {isa = PBXBuildFile; fileRef = 4941D6BD20AFFB9C00E7D59D /* Assets.xcassets */; };
		4941D6C120AFFB9C00E7D59D /* LaunchScreen.storyboard in Resources */ = {isa = PBXBuildFile; fileRef = 4941D6BF20AFFB9C00E7D59D /* LaunchScreen.storyboard */; };
		4941D6CC20B34C9600E7D59D /* CategoryCell.swift in Sources */ = {isa = PBXBuildFile; fileRef = 4941D6CB20B34C9600E7D59D /* CategoryCell.swift */; };
		4941D6CE20B34E4300E7D59D /* Category.swift in Sources */ = {isa = PBXBuildFile; fileRef = 4941D6CD20B34E4300E7D59D /* Category.swift */; };
		4941D6D120B34FC000E7D59D /* Service.swift in Sources */ = {isa = PBXBuildFile; fileRef = 4941D6D020B34FC000E7D59D /* Service.swift */; };
		4941D6D320B382A000E7D59D /* ProductCell.swift in Sources */ = {isa = PBXBuildFile; fileRef = 4941D6D220B382A000E7D59D /* ProductCell.swift */; };
		4941D6D520B383A400E7D59D /* Product.swift in Sources */ = {isa = PBXBuildFile; fileRef = 4941D6D420B383A400E7D59D /* Product.swift */; };
		4941D6D720B388C800E7D59D /* ProductsVC.swift in Sources */ = {isa = PBXBuildFile; fileRef = 4941D6D620B388C800E7D59D /* ProductsVC.swift */; };
/* End PBXBuildFile section */

/* Begin PBXFileReference section */
		4941D6B320AFFB9B00E7D59D /* coder-swag.app */ = {isa = PBXFileReference; explicitFileType = wrapper.application; includeInIndex = 0; path = "coder-swag.app"; sourceTree = BUILT_PRODUCTS_DIR; };
		4941D6B620AFFB9B00E7D59D /* AppDelegate.swift */ = {isa = PBXFileReference; lastKnownFileType = sourcecode.swift; path = AppDelegate.swift; sourceTree = "<group>"; };
		4941D6B820AFFB9B00E7D59D /* CategoriesVC.swift */ = {isa = PBXFileReference; lastKnownFileType = sourcecode.swift; path = CategoriesVC.swift; sourceTree = "<group>"; };
		4941D6BB20AFFB9B00E7D59D /* Base */ = {isa = PBXFileReference; lastKnownFileType = file.storyboard; name = Base; path = Base.lproj/Main.storyboard; sourceTree = "<group>"; };
		4941D6BD20AFFB9C00E7D59D /* Assets.xcassets */ = {isa = PBXFileReference; lastKnownFileType = folder.assetcatalog; path = Assets.xcassets; sourceTree = "<group>"; };
		4941D6C020AFFB9C00E7D59D /* Base */ = {isa = PBXFileReference; lastKnownFileType = file.storyboard; name = Base; path = Base.lproj/LaunchScreen.storyboard; sourceTree = "<group>"; };
		4941D6C220AFFB9C00E7D59D /* Info.plist */ = {isa = PBXFileReference; lastKnownFileType = text.plist.xml; path = Info.plist; sourceTree = "<group>"; };
		4941D6CB20B34C9600E7D59D /* CategoryCell.swift */ = {isa = PBXFileReference; lastKnownFileType = sourcecode.swift; path = CategoryCell.swift; sourceTree = "<group>"; };
		4941D6CD20B34E4300E7D59D /* Category.swift */ = {isa = PBXFileReference; lastKnownFileType = sourcecode.swift; path = Category.swift; sourceTree = "<group>"; };
		4941D6D020B34FC000E7D59D /* Service.swift */ = {isa = PBXFileReference; lastKnownFileType = sourcecode.swift; path = Service.swift; sourceTree = "<group>"; };
		4941D6D220B382A000E7D59D /* ProductCell.swift */ = {isa = PBXFileReference; lastKnownFileType = sourcecode.swift; path = ProductCell.swift; sourceTree = "<group>"; };
		4941D6D420B383A400E7D59D /* Product.swift */ = {isa = PBXFileReference; lastKnownFileType = sourcecode.swift; path = Product.swift; sourceTree = "<group>"; };
		4941D6D620B388C800E7D59D /* ProductsVC.swift */ = {isa = PBXFileReference; lastKnownFileType = sourcecode.swift; path = ProductsVC.swift; sourceTree = "<group>"; };
/* End PBXFileReference section */

/* Begin PBXFrameworksBuildPhase section */
		4941D6B020AFFB9B00E7D59D /* Frameworks */ = {
			isa = PBXFrameworksBuildPhase;
			buildActionMask = 2147483647;
			files = (
			);
			runOnlyForDeploymentPostprocessing = 0;
		};
/* End PBXFrameworksBuildPhase section */

/* Begin PBXGroup section */
		4941D6AA20AFFB9B00E7D59D = {
			isa = PBXGroup;
			children = (
				4941D6B520AFFB9B00E7D59D /* coder-swag */,
				4941D6B420AFFB9B00E7D59D /* Products */,
			);
			sourceTree = "<group>";
		};
		4941D6B420AFFB9B00E7D59D /* Products */ = {
			isa = PBXGroup;
			children = (
				4941D6B320AFFB9B00E7D59D /* coder-swag.app */,
			);
			name = Products;
			sourceTree = "<group>";
		};
		4941D6B520AFFB9B00E7D59D /* coder-swag */ = {
			isa = PBXGroup;
			children = (
				4941D6CF20B34FB600E7D59D /* Services */,
				4941D6CA20B34C5600E7D59D /* View */,
				4941D6C920B34C1A00E7D59D /* Models */,
				4941D6C820B34C1300E7D59D /* Controller */,
				4941D6B620AFFB9B00E7D59D /* AppDelegate.swift */,
				4941D6BA20AFFB9B00E7D59D /* Main.storyboard */,
				4941D6BD20AFFB9C00E7D59D /* Assets.xcassets */,
				4941D6BF20AFFB9C00E7D59D /* LaunchScreen.storyboard */,
				4941D6C220AFFB9C00E7D59D /* Info.plist */,
			);
			path = "coder-swag";
			sourceTree = "<group>";
		};
		4941D6C820B34C1300E7D59D /* Controller */ = {
			isa = PBXGroup;
			children = (
				4941D6B820AFFB9B00E7D59D /* CategoriesVC.swift */,
				4941D6D620B388C800E7D59D /* ProductsVC.swift */,
			);
			path = Controller;
			sourceTree = "<group>";
		};
		4941D6C920B34C1A00E7D59D /* Models */ = {
			isa = PBXGroup;
			children = (
				4941D6CD20B34E4300E7D59D /* Category.swift */,
				4941D6D420B383A400E7D59D /* Product.swift */,
			);
			path = Models;
			sourceTree = "<group>";
		};
		4941D6CA20B34C5600E7D59D /* View */ = {
			isa = PBXGroup;
			children = (
				4941D6CB20B34C9600E7D59D /* CategoryCell.swift */,
				4941D6D220B382A000E7D59D /* ProductCell.swift */,
			);
			path = View;
			sourceTree = "<group>";
		};
		4941D6CF20B34FB600E7D59D /* Services */ = {
			isa = PBXGroup;
			children = (
				4941D6D020B34FC000E7D59D /* Service.swift */,
			);
			path = Services;
			sourceTree = "<group>";
		};
/* End PBXGroup section */

/* Begin PBXNativeTarget section */
		4941D6B220AFFB9B00E7D59D /* coder-swag */ = {
			isa = PBXNativeTarget;
			buildConfigurationList = 4941D6C520AFFB9C00E7D59D /* Build configuration list for PBXNativeTarget "coder-swag" */;
			buildPhases = (
				4941D6AF20AFFB9B00E7D59D /* Sources */,
				4941D6B020AFFB9B00E7D59D /* Frameworks */,
				4941D6B120AFFB9B00E7D59D /* Resources */,
			);
			buildRules = (
			);
			dependencies = (
			);
			name = "coder-swag";
			productName = "coder-swag";
			productReference = 4941D6B320AFFB9B00E7D59D /* coder-swag.app */;
			productType = "com.apple.product-type.application";
		};
/* End PBXNativeTarget section */

/* Begin PBXProject section */
		4941D6AB20AFFB9B00E7D59D /* Project object */ = {
			isa = PBXProject;
			attributes = {
				LastSwiftUpdateCheck = 0930;
				LastUpgradeCheck = 0930;
				ORGANIZATIONNAME = "Andrew Ramirez";
				TargetAttributes = {
					4941D6B220AFFB9B00E7D59D = {
						CreatedOnToolsVersion = 9.3;
					};
				};
			};
			buildConfigurationList = 4941D6AE20AFFB9B00E7D59D /* Build configuration list for PBXProject "coder-swag" */;
			compatibilityVersion = "Xcode 9.3";
			developmentRegion = en;
			hasScannedForEncodings = 0;
			knownRegions = (
				en,
				Base,
			);
			mainGroup = 4941D6AA20AFFB9B00E7D59D;
			productRefGroup = 4941D6B420AFFB9B00E7D59D /* Products */;
			projectDirPath = "";
			projectRoot = "";
			targets = (
				4941D6B220AFFB9B00E7D59D /* coder-swag */,
			);
		};
/* End PBXProject section */

/* Begin PBXResourcesBuildPhase section */
		4941D6B120AFFB9B00E7D59D /* Resources */ = {
			isa = PBXResourcesBuildPhase;
			buildActionMask = 2147483647;
			files = (
				4941D6C120AFFB9C00E7D59D /* LaunchScreen.storyboard in Resources */,
				4941D6BE20AFFB9C00E7D59D /* Assets.xcassets in Resources */,
				4941D6BC20AFFB9B00E7D59D /* Main.storyboard in Resources */,
			);
			runOnlyForDeploymentPostprocessing = 0;
		};
/* End PBXResourcesBuildPhase section */

/* Begin PBXSourcesBuildPhase section */
		4941D6AF20AFFB9B00E7D59D /* Sources */ = {
			isa = PBXSourcesBuildPhase;
			buildActionMask = 2147483647;
			files = (
				4941D6D720B388C800E7D59D /* ProductsVC.swift in Sources */,
				4941D6B920AFFB9B00E7D59D /* CategoriesVC.swift in Sources */,
				4941D6B720AFFB9B00E7D59D /* AppDelegate.swift in Sources */,
				4941D6D120B34FC000E7D59D /* Service.swift in Sources */,
				4941D6D320B382A000E7D59D /* ProductCell.swift in Sources */,
				4941D6CC20B34C9600E7D59D /* CategoryCell.swift in Sources */,
				4941D6CE20B34E4300E7D59D /* Category.swift in Sources */,
				4941D6D520B383A400E7D59D /* Product.swift in Sources */,
			);
			runOnlyForDeploymentPostprocessing = 0;
		};
/* End PBXSourcesBuildPhase section */

/* Begin PBXVariantGroup section */
		4941D6BA20AFFB9B00E7D59D /* Main.storyboard */ = {
			isa = PBXVariantGroup;
			children = (
				4941D6BB20AFFB9B00E7D59D /* Base */,
			);
			name = Main.storyboard;
			sourceTree = "<group>";
		};
		4941D6BF20AFFB9C00E7D59D /* LaunchScreen.storyboard */ = {
			isa = PBXVariantGroup;
			children = (
				4941D6C020AFFB9C00E7D59D /* Base */,
			);
			name = LaunchScreen.storyboard;
			sourceTree = "<group>";
		};
/* End PBXVariantGroup section */

/* Begin XCBuildConfiguration section */
		4941D6C320AFFB9C00E7D59D /* Debug */ = {
			isa = XCBuildConfiguration;
			buildSettings = {
				ALWAYS_SEARCH_USER_PATHS = NO;
				CLANG_ANALYZER_NONNULL = YES;
				CLANG_ANALYZER_NUMBER_OBJECT_CONVERSION = YES_AGGRESSIVE;
				CLANG_CXX_LANGUAGE_STANDARD = "gnu++14";
				CLANG_CXX_LIBRARY = "libc++";
				CLANG_ENABLE_MODULES = YES;
				CLANG_ENABLE_OBJC_ARC = YES;
				CLANG_ENABLE_OBJC_WEAK = YES;
				CLANG_WARN_BLOCK_CAPTURE_AUTORELEASING = YES;
				CLANG_WARN_BOOL_CONVERSION = YES;
				CLANG_WARN_COMMA = YES;
				CLANG_WARN_CONSTANT_CONVERSION = YES;
				CLANG_WARN_DEPRECATED_OBJC_IMPLEMENTATIONS = YES;
				CLANG_WARN_DIRECT_OBJC_ISA_USAGE = YES_ERROR;
				CLANG_WARN_DOCUMENTATION_COMMENTS = YES;
				CLANG_WARN_EMPTY_BODY = YES;
				CLANG_WARN_ENUM_CONVERSION = YES;
				CLANG_WARN_INFINITE_RECURSION = YES;
				CLANG_WARN_INT_CONVERSION = YES;
				CLANG_WARN_NON_LITERAL_NULL_CONVERSION = YES;
				CLANG_WARN_OBJC_IMPLICIT_RETAIN_SELF = YES;
				CLANG_WARN_OBJC_LITERAL_CONVERSION = YES;
				CLANG_WARN_OBJC_ROOT_CLASS = YES_ERROR;
				CLANG_WARN_RANGE_LOOP_ANALYSIS = YES;
				CLANG_WARN_STRICT_PROTOTYPES = YES;
				CLANG_WARN_SUSPICIOUS_MOVE = YES;
				CLANG_WARN_UNGUARDED_AVAILABILITY = YES_AGGRESSIVE;
				CLANG_WARN_UNREACHABLE_CODE = YES;
				CLANG_WARN__DUPLICATE_METHOD_MATCH = YES;
				CODE_SIGN_IDENTITY = "iPhone Developer";
				COPY_PHASE_STRIP = NO;
				DEBUG_INFORMATION_FORMAT = dwarf;
				ENABLE_STRICT_OBJC_MSGSEND = YES;
				ENABLE_TESTABILITY = YES;
				GCC_C_LANGUAGE_STANDARD = gnu11;
				GCC_DYNAMIC_NO_PIC = NO;
				GCC_NO_COMMON_BLOCKS = YES;
				GCC_OPTIMIZATION_LEVEL = 0;
				GCC_PREPROCESSOR_DEFINITIONS = (
					"DEBUG=1",
					"$(inherited)",
				);
				GCC_WARN_64_TO_32_BIT_CONVERSION = YES;
				GCC_WARN_ABOUT_RETURN_TYPE = YES_ERROR;
				GCC_WARN_UNDECLARED_SELECTOR = YES;
				GCC_WARN_UNINITIALIZED_AUTOS = YES_AGGRESSIVE;
				GCC_WARN_UNUSED_FUNCTION = YES;
				GCC_WARN_UNUSED_VARIABLE = YES;
				IPHONEOS_DEPLOYMENT_TARGET = 11.3;
				MTL_ENABLE_DEBUG_INFO = YES;
				ONLY_ACTIVE_ARCH = YES;
				SDKROOT = iphoneos;
				SWIFT_ACTIVE_COMPILATION_CONDITIONS = DEBUG;
				SWIFT_OPTIMIZATION_LEVEL = "-Onone";
			};
			name = Debug;
		};
		4941D6C420AFFB9C00E7D59D /* Release */ = {
			isa = XCBuildConfiguration;
			buildSettings = {
				ALWAYS_SEARCH_USER_PATHS = NO;
				CLANG_ANALYZER_NONNULL = YES;
				CLANG_ANALYZER_NUMBER_OBJECT_CONVERSION = YES_AGGRESSIVE;
				CLANG_CXX_LANGUAGE_STANDARD = "gnu++14";
				CLANG_CXX_LIBRARY = "libc++";
				CLANG_ENABLE_MODULES = YES;
				CLANG_ENABLE_OBJC_ARC = YES;
				CLANG_ENABLE_OBJC_WEAK = YES;
				CLANG_WARN_BLOCK_CAPTURE_AUTORELEASING = YES;
				CLANG_WARN_BOOL_CONVERSION = YES;
				CLANG_WARN_COMMA = YES;
				CLANG_WARN_CONSTANT_CONVERSION = YES;
				CLANG_WARN_DEPRECATED_OBJC_IMPLEMENTATIONS = YES;
				CLANG_WARN_DIRECT_OBJC_ISA_USAGE = YES_ERROR;
				CLANG_WARN_DOCUMENTATION_COMMENTS = YES;
				CLANG_WARN_EMPTY_BODY = YES;
				CLANG_WARN_ENUM_CONVERSION = YES;
				CLANG_WARN_INFINITE_RECURSION = YES;
				CLANG_WARN_INT_CONVERSION = YES;
				CLANG_WARN_NON_LITERAL_NULL_CONVERSION = YES;
				CLANG_WARN_OBJC_IMPLICIT_RETAIN_SELF = YES;
				CLANG_WARN_OBJC_LITERAL_CONVERSION = YES;
				CLANG_WARN_OBJC_ROOT_CLASS = YES_ERROR;
				CLANG_WARN_RANGE_LOOP_ANALYSIS = YES;
				CLANG_WARN_STRICT_PROTOTYPES = YES;
				CLANG_WARN_SUSPICIOUS_MOVE = YES;
				CLANG_WARN_UNGUARDED_AVAILABILITY = YES_AGGRESSIVE;
				CLANG_WARN_UNREACHABLE_CODE = YES;
				CLANG_WARN__DUPLICATE_METHOD_MATCH = YES;
				CODE_SIGN_IDENTITY = "iPhone Developer";
				COPY_PHASE_STRIP = NO;
				DEBUG_INFORMATION_FORMAT = "dwarf-with-dsym";
				ENABLE_NS_ASSERTIONS = NO;
				ENABLE_STRICT_OBJC_MSGSEND = YES;
				GCC_C_LANGUAGE_STANDARD = gnu11;
				GCC_NO_COMMON_BLOCKS = YES;
				GCC_WARN_64_TO_32_BIT_CONVERSION = YES;
				GCC_WARN_ABOUT_RETURN_TYPE = YES_ERROR;
				GCC_WARN_UNDECLARED_SELECTOR = YES;
				GCC_WARN_UNINITIALIZED_AUTOS = YES_AGGRESSIVE;
				GCC_WARN_UNUSED_FUNCTION = YES;
				GCC_WARN_UNUSED_VARIABLE = YES;
				IPHONEOS_DEPLOYMENT_TARGET = 11.3;
				MTL_ENABLE_DEBUG_INFO = NO;
				SDKROOT = iphoneos;
				SWIFT_COMPILATION_MODE = wholemodule;
				SWIFT_OPTIMIZATION_LEVEL = "-O";
				VALIDATE_PRODUCT = YES;
			};
			name = Release;
		};
		4941D6C620AFFB9C00E7D59D /* Debug */ = {
			isa = XCBuildConfiguration;
			buildSettings = {
				ASSETCATALOG_COMPILER_APPICON_NAME = AppIcon;
				CODE_SIGN_STYLE = Automatic;
				INFOPLIST_FILE = "coder-swag/Info.plist";
				LD_RUNPATH_SEARCH_PATHS = (
					"$(inherited)",
					"@executable_path/Frameworks",
				);
				PRODUCT_BUNDLE_IDENTIFIER = "alramirez.coder-swag";
				PRODUCT_NAME = "$(TARGET_NAME)";
				SWIFT_VERSION = 4.0;
				TARGETED_DEVICE_FAMILY = "1,2";
			};
			name = Debug;
		};
		4941D6C720AFFB9C00E7D59D /* Release */ = {
			isa = XCBuildConfiguration;
			buildSettings = {
				ASSETCATALOG_COMPILER_APPICON_NAME = AppIcon;
				CODE_SIGN_STYLE = Automatic;
				INFOPLIST_FILE = "coder-swag/Info.plist";
				LD_RUNPATH_SEARCH_PATHS = (
					"$(inherited)",
					"@executable_path/Frameworks",
				);
				PRODUCT_BUNDLE_IDENTIFIER = "alramirez.coder-swag";
				PRODUCT_NAME = "$(TARGET_NAME)";
				SWIFT_VERSION = 4.0;
				TARGETED_DEVICE_FAMILY = "1,2";
			};
			name = Release;
		};
/* End XCBuildConfiguration section */

/* Begin XCConfigurationList section */
		4941D6AE20AFFB9B00E7D59D /* Build configuration list for PBXProject "coder-swag" */ = {
			isa = XCConfigurationList;
			buildConfigurations = (
				4941D6C320AFFB9C00E7D59D /* Debug */,
				4941D6C420AFFB9C00E7D59D /* Release */,
			);
			defaultConfigurationIsVisible = 0;
			defaultConfigurationName = Release;
		};
		4941D6C520AFFB9C00E7D59D /* Build configuration list for PBXNativeTarget "coder-swag" */ = {
			isa = XCConfigurationList;
			buildConfigurations = (
				4941D6C620AFFB9C00E7D59D /* Debug */,
				4941D6C720AFFB9C00E7D59D /* Release */,
			);
			defaultConfigurationIsVisible = 0;
			defaultConfigurationName = Release;
		};
/* End XCConfigurationList section */
	};
	rootObject = 4941D6AB20AFFB9B00E7D59D /* Project object */;
}
